#
# This file is autogenerated by pip-compile with Python 3.10
# by the following command:
#
#    pip-compile --constraint=cuda12.lock --no-index --output-file=forks.lock --strip-extras --unsafe-package=decord --unsafe-package=opencv-python --unsafe-package=opencv-python-headless --unsafe-package=triton --unsafe-package=wandb forks.in
#
--extra-index-url https://download.pytorch.org/whl/cu126

addict==2.4.0
    # via -r forks.in
aenum==3.1.17
    # via -r forks.in
aiohappyeyeballs==2.7.1
    # via
    #   -c cuda12.lock
    #   aiohttp
aiohttp==3.14.3
    # via
    #   -c cuda12.lock
    #   fsspec
aiosignal==1.4.0
    # via
    #   -c cuda12.lock
    #   aiohttp
annotated-types==0.8.0
    # via
    #   -c cuda12.lock
    #   pydantic
antlr4-python3-runtime==4.9.3
    # via
    #   hydra-core
    #   omegaconf
async-timeout==5.0.1
    # via
    #   -c cuda12.lock
    #   aiohttp
attrs==26.1.0
    # via
    #   -c cuda12.lock
    #   aiohttp
certifi==2026.7.22
    # via
    #   -c cuda12.lock
    #   requests
charset-normalizer==3.5.1
    # via
    #   -c cuda12.lock
    #   requests
cuda-bindings==12.9.7
    # via
    #   -c cuda12.lock
    #   torch
cuda-pathfinder==1.8.1
    # via
    #   -c cuda12.lock
    #   cuda-bindings
cuda-toolkit==12.6.3
    # via
    #   -c cuda12.lock
    #   torch
dill==0.4.1
    # via multiprocess
filelock==3.32.6
    # via
    #   -c cuda12.lock
    #   torch
frozenlist==1.8.0
    # via
    #   -c cuda12.lock
    #   aiohttp
    #   aiosignal
fsspec==2026.7.0
    # via
    #   -c cuda12.lock
    #   lightning
    #   pytorch-lightning
    #   torch
ftfy==6.3.1
    # via -r forks.in
fvcore==0.1.5.post20221221
    # via -r forks.in
graphviz==0.21
    # via -r forks.in
grpcio==1.83.1
    # via
    #   -c cuda12.lock
    #   -r forks.in
hydra-core==1.3.6
    # via -r forks.in
idna==3.19
    # via
    #   -c cuda12.lock
    #   requests
    #   yarl
iopath==0.1.10
    # via
    #   -r forks.in
    #   fvcore
jinja2==3.1.6
    # via
    #   -c cuda12.lock
    #   torch
lazy-loader==0.5
    # via
    #   -c cuda12.lock
    #   -r forks.in
lightning==2.6.6
    # via -r forks.in
lightning-utilities==0.15.3
    # via
    #   -c cuda12.lock
    #   lightning
    #   pytorch-lightning
    #   torchmetrics
loguru==0.7.3
    # via -r forks.in
markdown-it-py==4.2.0
    # via
    #   -c cuda12.lock
    #   rich
markupsafe==3.0.3
    # via
    #   -c cuda12.lock
    #   jinja2
mdurl==0.1.2
    # via
    #   -c cuda12.lock
    #   markdown-it-py
mpmath==1.3.0
    # via
    #   -c cuda12.lock
    #   sympy
multidict==6.8.0
    # via
    #   -c cuda12.lock
    #   aiohttp
    #   yarl
multiprocess==0.70.19
    # via -r forks.in
networkx==3.4 ; python_version < "3.12"
    # via
    #   -c cuda12.lock
    #   torch
numpy==2.0.2 ; python_version < "3.12"
    # via
    #   -c cuda12.lock
    #   fvcore
    #   shapely
    #   torchmetrics
nvidia-cublas-cu12==12.6.4.1
    # via
    #   -c cuda12.lock
    #   cuda-toolkit
    #   nvidia-cudnn-cu12
    #   nvidia-cusolver-cu12
nvidia-cuda-cupti-cu12==12.6.80
    # via
    #   -c cuda12.lock
    #   cuda-toolkit
nvidia-cuda-nvrtc-cu12==12.6.85
    # via
    #   -c cuda12.lock
    #   cuda-toolkit
nvidia-cuda-runtime-cu12==12.6.77
    # via
    #   -c cuda12.lock
    #   cuda-toolkit
nvidia-cudnn-cu12==9.10.2.21
    # via
    #   -c cuda12.lock
    #   torch
nvidia-cufft-cu12==11.3.0.4
    # via
    #   -c cuda12.lock
    #   cuda-toolkit
nvidia-cufile-cu12==1.11.1.6
    # via
    #   -c cuda12.lock
    #   cuda-toolkit
nvidia-curand-cu12==10.3.7.77
    # via
    #   -c cuda12.lock
    #   cuda-toolkit
nvidia-cusolver-cu12==11.7.1.2
    # via
    #   -c cuda12.lock
    #   cuda-toolkit
nvidia-cusparse-cu12==12.5.4.2
    # via
    #   -c cuda12.lock
    #   cuda-toolkit
    #   nvidia-cusolver-cu12
nvidia-cusparselt-cu12==0.7.1
    # via
    #   -c cuda12.lock
    #   torch
nvidia-nccl-cu12==2.29.3
    # via
    #   -c cuda12.lock
    #   torch
nvidia-nvjitlink-cu12==12.6.85
    # via
    #   -c cuda12.lock
    #   cuda-toolkit
    #   nvidia-cufft-cu12
    #   nvidia-cusolver-cu12
    #   nvidia-cusparse-cu12
nvidia-nvshmem-cu12==3.4.5
    # via
    #   -c cuda12.lock
    #   torch
nvidia-nvtx-cu12==12.6.77
    # via
    #   -c cuda12.lock
    #   cuda-toolkit
omegaconf==2.3.1
    # via hydra-core
packaging==26.3
    # via
    #   -c cuda12.lock
    #   hydra-core
    #   lazy-loader
    #   lightning
    #   lightning-utilities
    #   pytorch-lightning
    #   torchmetrics
parameterized==0.9.0
    # via -r forks.in
pillow==12.3.0
    # via
    #   -c cuda12.lock
    #   -r forks.in
    #   fvcore
portalocker==4.3.1
    # via iopath
prettytable==3.18.0
    # via -r forks.in
propcache==0.5.2
    # via
    #   -c cuda12.lock
    #   aiohttp
    #   yarl
pydantic==2.13.5
    # via
    #   -c cuda12.lock
    #   -r forks.in
pydantic-core==2.46.5
    # via
    #   -c cuda12.lock
    #   pydantic
pygments==2.21.0
    # via
    #   -c cuda12.lock
    #   rich
pytorch-lightning==2.6.6
    # via
    #   -c cuda12.lock
    #   lightning
pyyaml==6.0.3
    # via
    #   -c cuda12.lock
    #   fvcore
    #   lightning
    #   omegaconf
    #   pytorch-lightning
    #   yacs
regex==2026.9.10
    # via
    #   -c cuda12.lock
    #   -r forks.in
requests==2.34.2
    # via
    #   -c cuda12.lock
    #   -r forks.in
rich==15.0.0
    # via
    #   -c cuda12.lock
    #   -r forks.in
setuptools==75.9.1
    # via
    #   -c cuda12.lock
    #   torch
shapely==2.1.2
    # via
    #   -c cuda12.lock
    #   -r forks.in
six==1.17.0
    # via
    #   -c cuda12.lock
    #   -r forks.in
sympy==1.14.0
    # via
    #   -c cuda12.lock
    #   torch
tabulate==0.10.0
    # via fvcore
termcolor==3.3.0
    # via
    #   -r forks.in
    #   fvcore
terminaltables==3.1.10
    # via -r forks.in
torch==2.12.0+cu126
    # via
    #   -c cuda12.lock
    #   lightning
    #   pytorch-lightning
    #   torchmetrics
torchmetrics==1.9.0
    # via
    #   -c cuda12.lock
    #   lightning
    #   pytorch-lightning
tqdm==4.70.1
    # via
    #   -c cuda12.lock
    #   fvcore
    #   iopath
    #   lightning
    #   pytorch-lightning
typing-extensions==4.16.0
    # via
    #   -c cuda12.lock
    #   aiohttp
    #   aiosignal
    #   grpcio
    #   iopath
    #   lightning
    #   lightning-utilities
    #   multidict
    #   pydantic
    #   pydantic-core
    #   pytorch-lightning
    #   torch
    #   typing-inspection
typing-inspection==0.4.4
    # via
    #   -c cuda12.lock
    #   pydantic
urllib3==2.7.0
    # via
    #   -c cuda12.lock
    #   requests
wcwidth==0.8.3
    # via
    #   ftfy
    #   prettytable
yacs==0.1.8
    # via
    #   -c cuda12.lock
    #   fvcore
yarl==1.24.5
    # via
    #   -c cuda12.lock
    #   aiohttp

# The following packages are considered to be unsafe in a requirements file:
# triton
