#
# This file is autogenerated by pip-compile with Python 3.10
# by the following command:
#
#    pip-compile --no-index --output-file=py3.10/cuda13.lock --strip-extras --unsafe-package=decord --unsafe-package=opencv-python --unsafe-package=opencv-python-headless --unsafe-package=triton --unsafe-package=wandb cuda13.in
#
--extra-index-url https://download.pytorch.org/whl/cu130

absl-py==2.5.0
    # via tensorboard
affine==3.0.1
    # via
    #   delayed-image
    #   kwimage
aiohappyeyeballs==2.7.1
    # via aiohttp
aiohttp==3.14.3
    # via fsspec
aiosignal==1.4.0
    # via aiohttp
albucore==0.0.24
    # via
    #   -r base.in
    #   albumentations
albumentations==2.0.8
    # via -r base.in
annotated-doc==0.0.5
    # via typer
annotated-types==0.8.0
    # via pydantic
anyio==4.15.1
    # via httpx
astunparse==1.6.3
    # via -r base.in
async-timeout==5.0.1
    # via aiohttp
atomicwrites==1.4.1
    # via ndsampler
attrs==26.1.0
    # via
    #   affine
    #   aiohttp
    #   jsonschema
    #   referencing
av==17.1.0
    # via
    #   -r base.in
    #   supervision
beautifulsoup4==4.15.0
    # via gdown
build==1.6.1
    # via -r base.in
certifi==2026.7.22
    # via
    #   httpcore
    #   httpx
    #   requests
charset-normalizer==3.5.1
    # via requests
click==8.5.0
    # via huggingface-hub
cloudpickle==3.1.2
    # via joblib
colorama==0.4.6
    # via -r base.in
coloredlogs==15.0.1
    # via onnxruntime-gpu
colormath==3.0.0
    # via -r base.in
contourpy==1.3.2
    # via matplotlib
cuda-bindings==13.4.1
    # via torch
cuda-pathfinder==1.8.1
    # via cuda-bindings
cuda-toolkit==13.0.2
    # via torch
cycler==0.12.1
    # via matplotlib
cython==3.3.0
    # via -r base.in
defusedxml==0.7.1
    # via
    #   -r base.in
    #   supervision
delayed-image==0.4.6
    # via
    #   kwcoco
    #   ndsampler
distinctipy==1.3.4
    # via kwimage
distro==1.9.0
    # via scikit-build
einops==0.8.2
    # via -r base.in
ensemble-boxes==1.0.9
    # via -r base.in
exceptiongroup==1.3.1
    # via anyio
fasteners==0.20
    # via ndsampler
faster-coco-eval==1.8.0
    # via -r base.in
filelock==3.32.6
    # via
    #   gdown
    #   huggingface-hub
    #   torch
flatbuffers==25.12.19
    # via onnxruntime-gpu
fonttools==4.65.0
    # via matplotlib
frozenlist==1.8.0
    # via
    #   aiohttp
    #   aiosignal
fsspec==2026.7.0
    # via
    #   -r base.in
    #   huggingface-hub
    #   pytorch-lightning
    #   torch
gdown==6.2.0
    # via -r base.in
grpcio==1.83.1
    # via tensorboard
h11==0.16.0
    # via httpcore
hf-xet==1.6.0
    # via huggingface-hub
httpcore==1.0.9
    # via httpx
httpx==0.28.1
    # via huggingface-hub
huggingface-hub==1.31.0
    # via
    #   -r base.in
    #   timm
    #   tokenizers
    #   transformers
humanfriendly==10.0
    # via coloredlogs
idna==3.19
    # via
    #   anyio
    #   httpx
    #   requests
    #   yarl
imageio==2.37.4 ; python_version < "3.12"
    # via
    #   -r base.in
    #   scikit-image
imageio-ffmpeg==0.6.0
    # via -r base.in
jinja2==3.1.6
    # via torch
joblib==1.6.0
    # via scikit-learn
jsonschema==4.26.0
    # via kwcoco
jsonschema-specifications==2025.9.1
    # via jsonschema
kiwisolver==1.5.1
    # via
    #   -r base.in
    #   matplotlib
kwarray==0.7.2
    # via
    #   -r base.in
    #   delayed-image
    #   kwcoco
    #   kwimage
    #   kwplot
    #   ndsampler
kwcoco==0.9.0 ; python_version < "3.12"
    # via
    #   -r base.in
    #   ndsampler
kwconf==0.11.0
    # via -r base.in
kwimage==0.11.6
    # via
    #   -r base.in
    #   delayed-image
    #   kwcoco
    #   kwplot
    #   ndsampler
kwplot==0.5.4
    # via -r base.in
kwutil==0.3.8
    # via
    #   -r base.in
    #   kwcoco
lazy-loader==0.5
    # via
    #   kwimage
    #   kwutil
    #   scikit-image
lightning-utilities==0.15.3
    # via
    #   -r base.in
    #   pytorch-lightning
    #   torchmetrics
llvmlite==0.49.0 ; python_version < "3.12"
    # via
    #   -r base.in
    #   numba
map-boxes==1.0.6
    # via -r base.in
markdown==3.10.3
    # via tensorboard
markdown-it-py==4.2.0
    # via rich
markupsafe==3.0.3
    # via
    #   jinja2
    #   werkzeug
matplotlib==3.8.4 ; python_version < "3.12"
    # via
    #   -r base.in
    #   kwplot
    #   seaborn
    #   supervision
    #   ultralytics
mdurl==0.1.2
    # via markdown-it-py
ml-dtypes==0.6.0
    # via
    #   onnx-ir
    #   onnxscript
motmetrics==1.4.0
    # via -r base.in
mpmath==1.3.0
    # via sympy
multidict==6.8.0
    # via
    #   aiohttp
    #   yarl
ndsampler==0.8.1
    # via -r base.in
networkx==3.4 ; python_version < "3.12"
    # via
    #   -r base.in
    #   colormath
    #   delayed-image
    #   kwcoco
    #   kwimage
    #   ndsampler
    #   networkx-algo-common-subtree
    #   scikit-image
    #   torch
networkx-algo-common-subtree==0.2.2
    # via -r base.in
numba==0.67.0 ; python_version < "3.12"
    # via
    #   -r base.in
    #   ensemble-boxes
numpy==2.0.2 ; python_version < "3.12"
    # via
    #   -r base.in
    #   albucore
    #   albumentations
    #   colormath
    #   contourpy
    #   delayed-image
    #   distinctipy
    #   ensemble-boxes
    #   faster-coco-eval
    #   imageio
    #   kwarray
    #   kwcoco
    #   kwimage
    #   kwplot
    #   matplotlib
    #   ml-dtypes
    #   motmetrics
    #   ndsampler
    #   numba
    #   onnx
    #   onnx-ir
    #   onnxruntime-gpu
    #   onnxscript
    #   opencv-contrib-python-headless
    #   opencv-python
    #   opencv-python-headless
    #   pandas
    #   pycocotools
    #   scikit-image
    #   scikit-learn
    #   scipy
    #   seaborn
    #   shapely
    #   supervision
    #   tensorboard
    #   tensorboardx
    #   tifffile
    #   torchmetrics
    #   torchvision
    #   transformers
    #   ultralytics
    #   ultralytics-thop
    #   xarray
nvidia-cublas==13.1.1.3
    # via
    #   nvidia-cudnn-cu13
    #   nvidia-cusolver
    #   torch
nvidia-cuda-cupti==13.0.85
    # via cuda-toolkit
nvidia-cuda-nvrtc==13.0.88
    # via
    #   cuda-toolkit
    #   nvidia-cublas
nvidia-cuda-runtime==13.0.96
    # via cuda-toolkit
nvidia-cudnn-cu13==9.20.0.48
    # via torch
nvidia-cufft==12.0.0.61
    # via cuda-toolkit
nvidia-cufile==1.15.1.6
    # via cuda-toolkit
nvidia-curand==10.4.0.35
    # via cuda-toolkit
nvidia-cusolver==12.0.4.66
    # via cuda-toolkit
nvidia-cusparse==12.6.3.3
    # via
    #   cuda-toolkit
    #   nvidia-cusolver
nvidia-cusparselt-cu13==0.8.1
    # via torch
nvidia-nccl-cu13==2.29.7
    # via torch
nvidia-nvjitlink==13.0.88
    # via
    #   cuda-toolkit
    #   nvidia-cufft
    #   nvidia-cusolver
    #   nvidia-cusparse
nvidia-nvshmem-cu13==3.4.5
    # via torch
nvidia-nvtx==13.0.85
    # via cuda-toolkit
onnx==1.18.0
    # via
    #   -r base.in
    #   onnx-ir
    #   onnxscript
onnx-ir==1.0.0
    # via onnxscript
onnxruntime-gpu==1.23.2 ; python_version < "3.14"
    # via -r cuda13.in
onnxscript==0.7.2
    # via -r base.in
opencv-contrib-python-headless==5.0.0.93
    # via -r base.in
ordered-set==4.1.0
    # via -r base.in
packaging==26.3
    # via
    #   -r base.in
    #   build
    #   huggingface-hub
    #   kwarray
    #   kwcoco
    #   lazy-loader
    #   lightning-utilities
    #   matplotlib
    #   onnxruntime-gpu
    #   onnxscript
    #   pytorch-lightning
    #   scikit-build
    #   scikit-image
    #   tensorboard
    #   tensorboardx
    #   torchmetrics
    #   transformers
    #   wheel
    #   xarray
pandas==2.2.3 ; python_version < "3.12"
    # via
    #   -r base.in
    #   ensemble-boxes
    #   kwcoco
    #   motmetrics
    #   seaborn
    #   xarray
parse==1.22.1
    # via
    #   -r base.in
    #   kwcoco
    #   kwimage
    #   ndsampler
pillow==12.3.0
    # via
    #   imageio
    #   kwimage
    #   matplotlib
    #   ndsampler
    #   scikit-image
    #   supervision
    #   tensorboard
    #   torchvision
    #   ultralytics
platformdirs==4.11.8
    # via yapf
polars==1.44.2
    # via ultralytics
polars-runtime-32==1.44.2
    # via polars
progiter==2.0.0
    # via kwutil
propcache==0.5.2
    # via
    #   aiohttp
    #   yarl
protobuf==7.36.1
    # via
    #   -r base.in
    #   onnx
    #   onnxruntime-gpu
    #   tensorboard
    #   tensorboardx
psutil==7.2.2
    # via
    #   kwcoco
    #   ultralytics
py-cpuinfo==9.0.0
    # via -r base.in
pycocotools==2.0.11
    # via -r base.in
pydantic==2.13.5
    # via albumentations
pydantic-core==2.46.5
    # via pydantic
pydeprecate==0.9.0
    # via
    #   -r base.in
    #   supervision
pyflakes==3.4.0
    # via -r base.in
pygments==2.21.0
    # via
    #   -r base.in
    #   rich
pygtrie==2.5.0
    # via -r base.in
pyparsing==3.3.2
    # via matplotlib
pyproject-hooks==1.2.0
    # via build
pyqtree==1.0.0
    # via ndsampler
pysocks==1.7.1
    # via requests
python-dateutil==2.9.0.post0
    # via
    #   matplotlib
    #   pandas
pytorch-lightning==2.6.6
    # via -r base.in
pytz==2026.3.post1
    # via pandas
pyyaml==6.0.3
    # via
    #   -r base.in
    #   albumentations
    #   huggingface-hub
    #   pytorch-lightning
    #   scriptconfig
    #   supervision
    #   timm
    #   transformers
    #   ultralytics
    #   yacs
referencing==0.37.0
    # via
    #   jsonschema
    #   jsonschema-specifications
regex==2026.9.10
    # via transformers
requests==2.34.2
    # via
    #   gdown
    #   supervision
    #   ultralytics
rich==15.0.0
    # via
    #   kwcoco
    #   typer
rpds-py==0.30.0
    # via
    #   jsonschema
    #   referencing
ruamel-yaml==0.19.1
    # via -r base.in
safer==5.4.0
    # via kwcoco
safetensors==0.8.0
    # via
    #   -r base.in
    #   timm
    #   transformers
scikit-build==0.19.1
    # via -r base.in
scikit-image==0.24.0 ; python_version < "3.12"
    # via
    #   -r base.in
    #   kwimage
scikit-learn==1.7.2
    # via
    #   kwcoco
    #   ndsampler
scipy==1.15.3
    # via
    #   -r base.in
    #   albumentations
    #   kwcoco
    #   kwimage
    #   motmetrics
    #   ndsampler
    #   scikit-image
    #   scikit-learn
    #   supervision
    #   ultralytics
scriptconfig==0.9.1
    # via
    #   -r base.in
    #   kwcoco
    #   kwplot
seaborn==0.13.2
    # via -r base.in
setuptools==75.9.1
    # via
    #   -r base.in
    #   scikit-build
    #   tensorboard
    #   torch
shapely==2.1.2
    # via kwimage
shellingham==1.5.4
    # via typer
simsimd==6.5.16
    # via
    #   -r base.in
    #   albucore
six==1.17.0
    # via
    #   astunparse
    #   python-dateutil
sortedcontainers==2.4.0
    # via
    #   kwcoco
    #   ndsampler
soupsieve==2.9.2
    # via beautifulsoup4
stringzilla==5.1.2
    # via
    #   -r base.in
    #   albucore
supervision==0.30.2
    # via -r base.in
sympy==1.14.0
    # via
    #   onnx-ir
    #   onnxruntime-gpu
    #   torch
tensorboard==2.21.0
    # via -r base.in
tensorboard-data-server==0.7.2
    # via tensorboard
tensorboardx==2.6.5
    # via -r base.in
threadpoolctl==3.6.0
    # via scikit-learn
tifffile==2025.5.10
    # via scikit-image
timm==1.0.29
    # via -r base.in
tokenizers==0.23.2
    # via
    #   -r base.in
    #   transformers
tomli==2.4.1
    # via
    #   build
    #   scikit-build
    #   yapf
torch==2.12.0+cu130
    # via
    #   -r cuda13.in
    #   pytorch-lightning
    #   timm
    #   torchmetrics
    #   torchvision
    #   ultralytics
    #   ultralytics-thop
torchmetrics==1.9.0
    # via
    #   -r base.in
    #   pytorch-lightning
torchvision==0.27.0+cu130
    # via
    #   timm
    #   ultralytics
tqdm==4.70.1
    # via
    #   -r base.in
    #   gdown
    #   huggingface-hub
    #   pytorch-lightning
    #   supervision
    #   transformers
transformers==5.17.0
    # via -r base.in
typer==0.27.2
    # via transformers
typing-extensions==4.16.0
    # via
    #   -r base.in
    #   aiohttp
    #   aiosignal
    #   anyio
    #   beautifulsoup4
    #   exceptiongroup
    #   gdown
    #   grpcio
    #   huggingface-hub
    #   lightning-utilities
    #   multidict
    #   onnx
    #   onnx-ir
    #   onnxscript
    #   pydantic
    #   pydantic-core
    #   pytorch-lightning
    #   referencing
    #   torch
    #   typing-inspection
typing-inspection==0.4.4
    # via pydantic
tzdata==2026.4
    # via pandas
ubelt==1.4.3
    # via
    #   -r base.in
    #   delayed-image
    #   kwarray
    #   kwcoco
    #   kwimage
    #   kwplot
    #   kwutil
    #   ndsampler
    #   scriptconfig
ultralytics==8.4.17
    # via -r base.in
ultralytics-thop==2.0.18
    # via
    #   -r base.in
    #   ultralytics
uritools==6.1.3
    # via kwcoco
urllib3==2.7.0
    # via requests
werkzeug==3.1.8
    # via tensorboard
wheel==0.48.0
    # via
    #   -r base.in
    #   astunparse
    #   scikit-build
xarray==2025.6.1
    # via
    #   kwcoco
    #   ndsampler
xmltodict==1.0.4
    # via motmetrics
yacs==0.1.8
    # via -r base.in
yapf==0.43.0
    # via -r base.in
yarl==1.24.5
    # via aiohttp

# The following packages are considered to be unsafe in a requirements file:
# opencv-python
# opencv-python-headless
# triton
