#
# This file is autogenerated by pip-compile with Python 3.10
# by the following command:
#
#    pip-compile --constraint=py3.10/cuda12.lock --no-index --output-file=py3.10/test.lock --strip-extras --unsafe-package=decord --unsafe-package=opencv-python --unsafe-package=opencv-python-headless --unsafe-package=triton --unsafe-package=wandb test.in
#
--extra-index-url https://download.pytorch.org/whl/cu126

exceptiongroup==1.3.1
    # via
    #   -c py3.10/cuda12.lock
    #   pytest
iniconfig==2.3.0
    # via pytest
packaging==26.3
    # via
    #   -c py3.10/cuda12.lock
    #   pytest
pluggy==1.6.0
    # via pytest
pygments==2.21.0
    # via
    #   -c py3.10/cuda12.lock
    #   pytest
pytest==9.1.1
    # via -r test.in
tomli==2.4.1
    # via
    #   -c py3.10/cuda12.lock
    #   pytest
typing-extensions==4.16.0
    # via
    #   -c py3.10/cuda12.lock
    #   exceptiongroup
