#
# This file is autogenerated by pip-compile with Python 3.12
# by the following command:
#
#    pip-compile --constraint=py3.12/cuda12.lock --no-index --output-file=py3.12/colmap.lock --strip-extras --unsafe-package=decord --unsafe-package=opencv-python --unsafe-package=opencv-python-headless --unsafe-package=triton --unsafe-package=wandb colmap.in
#
--extra-index-url https://download.pytorch.org/whl/cu126

cuda-toolkit==12.6.3
    # via
    #   -c py3.12/cuda12.lock
    #   pycolmap-cuda12
numpy==2.2.6 ; python_version >= "3.12"
    # via
    #   -c py3.12/cuda12.lock
    #   pycolmap-cuda12
nvidia-cuda-runtime-cu12==12.6.77
    # via
    #   -c py3.12/cuda12.lock
    #   cuda-toolkit
nvidia-curand-cu12==10.3.7.77
    # via
    #   -c py3.12/cuda12.lock
    #   cuda-toolkit
pycolmap-cuda12==4.2.0 ; platform_system == "Linux"
    # via -r colmap.in
