#
# This file is autogenerated by pip-compile with Python 3.12
# by the following command:
#
#    pip-compile --constraint=py3.12/cuda12.lock --no-index --output-file=py3.12/learn.lock --strip-extras --unsafe-package=decord --unsafe-package=opencv-python --unsafe-package=opencv-python-headless --unsafe-package=triton --unsafe-package=wandb learn.in
#
--extra-index-url https://download.pytorch.org/whl/cu126

addict==2.4.0
    # via -r learn.in
cloudpickle==3.1.2
    # via
    #   -c py3.12/cuda12.lock
    #   joblib
    #   submitit
filelock==3.32.6
    # via
    #   -c py3.12/cuda12.lock
    #   -r learn.in
joblib==1.6.0
    # via
    #   -c py3.12/cuda12.lock
    #   scikit-learn
narwhals==2.26.0
    # via
    #   -c py3.12/cuda12.lock
    #   scikit-learn
numpy==2.2.6 ; python_version >= "3.12"
    # via
    #   -c py3.12/cuda12.lock
    #   scikit-learn
    #   scipy
scikit-learn==1.9.1
    # via
    #   -c py3.12/cuda12.lock
    #   -r learn.in
scipy==1.18.1
    # via
    #   -c py3.12/cuda12.lock
    #   scikit-learn
submitit==1.5.4
    # via -r learn.in
termcolor==3.3.0
    # via -r learn.in
threadpoolctl==3.6.0
    # via
    #   -c py3.12/cuda12.lock
    #   scikit-learn
typing-extensions==4.16.0
    # via
    #   -c py3.12/cuda12.lock
    #   submitit
